
Microsoft Visual Studio Solution File, Format Version 12.00
# Visual Studio Version 17
VisualStudioVersion = 17.4.33205.214
MinimumVisualStudioVersion = 10.0.40219.1
Project("{FAE04EC0-301F-11D3-BF4B-00C04F79EFBC}") = "QL_BanGiay", "QL_BanGiay\QL_BanGiay.csproj", "{F692A03E-08D2-4FD0-A26D-4D2B2CC0CFD1}"
EndProject
Global
	GlobalSection(SolutionConfigurationPlatforms) = preSolution
		Debug|Any CPU = Debug|Any CPU
		Release|Any CPU = Release|Any CPU
	EndGlobalSection
	GlobalSection(ProjectConfigurationPlatforms) = postSolution
		{F692A03E-08D2-4FD0-A26D-4D2B2CC0CFD1}.Debug|Any CPU.ActiveCfg = Debug|Any CPU
		{F692A03E-08D2-4FD0-A26D-4D2B2CC0CFD1}.Debug|Any CPU.Build.0 = Debug|Any CPU
		{F692A03E-08D2-4FD0-A26D-4D2B2CC0CFD1}.Release|Any CPU.ActiveCfg = Release|Any CPU
		{F692A03E-08D2-4FD0-A26D-4D2B2CC0CFD1}.Release|Any CPU.Build.0 = Release|Any CPU
	EndGlobalSection
	GlobalSection(SolutionProperties) = preSolution
		HideSolutionNode = FALSE
	EndGlobalSection
	GlobalSection(ExtensibilityGlobals) = postSolution
		SolutionGuid = {95C27061-C62A-4910-BA50-7B551F762A49}
	EndGlobalSection
EndGlobal
